{
    __meta__ = {
        version = "1.0"
    },
    ["windows|x64"] = {
        ["cmake#31fecfc4"] = {
            repo = {
                branch = "master",
                commit = "123ec42158b7bbf0ce3b143c046ccc5033cf2121",
                url = "https://gitlab.com/tboox/xmake-repo.git"
            },
            version = "3.29.3"
        },
        ["spdlog#bf122c86"] = {
            repo = {
                branch = "master",
                commit = "30bf09689d5f65e9ea4e3904ceb675f8f04f0789",
                url = "https://gitlab.com/tboox/xmake-repo.git"
            },
            version = "v1.14.1"
        }
    }
}